
Microsoft Visual Studio Solution File, Format Version 12.00
# Visual Studio 15
VisualStudioVersion = 15.0.27703.2026
MinimumVisualStudioVersion = 10.0.40219.1
Project("{FAE04EC0-301F-11D3-BF4B-00C04F79EFBC}") = "v2013Test", "v2013Test\v2013Test.csproj", "{8E985622-BD54-485A-AD99-40AAD7824A38}"
EndProject
Global
	GlobalSection(SolutionConfigurationPlatforms) = preSolution
		Debug|Any CPU = Debug|Any CPU
		Release|Any CPU = Release|Any CPU
	EndGlobalSection
	GlobalSection(ProjectConfigurationPlatforms) = postSolution
		{8E985622-BD54-485A-AD99-40AAD7824A38}.Debug|Any CPU.ActiveCfg = Debug|Any CPU
		{8E985622-BD54-485A-AD99-40AAD7824A38}.Debug|Any CPU.Build.0 = Debug|Any CPU
		{8E985622-BD54-485A-AD99-40AAD7824A38}.Release|Any CPU.ActiveCfg = Release|Any CPU
		{8E985622-BD54-485A-AD99-40AAD7824A38}.Release|Any CPU.Build.0 = Release|Any CPU
	EndGlobalSection
	GlobalSection(SolutionProperties) = preSolution
		HideSolutionNode = FALSE
	EndGlobalSection
	GlobalSection(ExtensibilityGlobals) = postSolution
		SolutionGuid = {4633FDDE-ACDC-403E-9ED5-FA93E9DC6EF8}
	EndGlobalSection
EndGlobal
